
Microsoft Visual Studio Solution File, Format Version 12.00
# Visual Studio Version 17
VisualStudioVersion = 17.5.002.0
MinimumVisualStudioVersion = 10.0.40219.1
Project("{9A19103F-16F7-4668-BE54-9A1E7A4F7556}") = "Homework", "Homework.csproj", "{BB3D9D97-AD59-4E34-AA2F-990F7686C11F}"
EndProject
Global
	GlobalSection(SolutionConfigurationPlatforms) = preSolution
		Debug|Any CPU = Debug|Any CPU
		Release|Any CPU = Release|Any CPU
	EndGlobalSection
	GlobalSection(ProjectConfigurationPlatforms) = postSolution
		{BB3D9D97-AD59-4E34-AA2F-990F7686C11F}.Debug|Any CPU.ActiveCfg = Debug|Any CPU
		{BB3D9D97-AD59-4E34-AA2F-990F7686C11F}.Debug|Any CPU.Build.0 = Debug|Any CPU
		{BB3D9D97-AD59-4E34-AA2F-990F7686C11F}.Release|Any CPU.ActiveCfg = Release|Any CPU
		{BB3D9D97-AD59-4E34-AA2F-990F7686C11F}.Release|Any CPU.Build.0 = Release|Any CPU
	EndGlobalSection
	GlobalSection(SolutionProperties) = preSolution
		HideSolutionNode = FALSE
	EndGlobalSection
	GlobalSection(ExtensibilityGlobals) = postSolution
		SolutionGuid = {BBFA690D-752D-485C-9B01-0F5E51BDFBBD}
	EndGlobalSection
EndGlobal
